# This file is automatically @generated by Cargo.
# It is not intended for manual editing.
version = 4

[[package]]
name = "input_method"
version = "0.1.0"
source = "registry+https://github.com/rust-lang/crates.io-index"
checksum = "d7c26bec69d1b9c45f25db5620f98d2431ab254eed1adc43f4d4284864d1d5cf"

[[package]]
name = "watermelon"
version = "0.1.0"
dependencies = [
 "input_method",
]
